github.com/alexbrainman/ps v0.0.0-20171229230509-b3e1b4a15894 h1:A6LgNoQeWttVPnIRYzKsbex/HePFxYT9ygCZvgVJDU0=
github.com/alexbrainman/ps v0.0.0-20171229230509-b3e1b4a15894/go.mod h1:Wgrp3f69GNEJz6CdHKtBqKAWdmYTd1K9IlOV+uuv4Uw=
golang.org/x/sys v0.0.0-20200331124033-c3d80250170d h1:nc5K6ox/4lTFbMVSL9WRR81ixkcwXThoiF6yf+R9scA=
golang.org/x/sys v0.0.0-20200331124033-c3d80250170d/go.mod h1:h1NjWce9XRLGQEsW7wpKNCjG9DtNlClVuFLEZdDNbEs=
